
Microsoft Visual Studio Solution File, Format Version 12.00
# Visual Studio 15
VisualStudioVersion = 15.0.28307.438
MinimumVisualStudioVersion = 10.0.40219.1
Project("{FAE04EC0-301F-11D3-BF4B-00C04F79EFBC}") = "Buddy String", "Buddy String\Buddy String.csproj", "{66E03A43-C6D7-4D0D-92A3-36C881443C0D}"
EndProject
Global
	GlobalSection(SolutionConfigurationPlatforms) = preSolution
		Debug|Any CPU = Debug|Any CPU
		Release|Any CPU = Release|Any CPU
	EndGlobalSection
	GlobalSection(ProjectConfigurationPlatforms) = postSolution
		{66E03A43-C6D7-4D0D-92A3-36C881443C0D}.Debug|Any CPU.ActiveCfg = Debug|Any CPU
		{66E03A43-C6D7-4D0D-92A3-36C881443C0D}.Debug|Any CPU.Build.0 = Debug|Any CPU
		{66E03A43-C6D7-4D0D-92A3-36C881443C0D}.Release|Any CPU.ActiveCfg = Release|Any CPU
		{66E03A43-C6D7-4D0D-92A3-36C881443C0D}.Release|Any CPU.Build.0 = Release|Any CPU
	EndGlobalSection
	GlobalSection(SolutionProperties) = preSolution
		HideSolutionNode = FALSE
	EndGlobalSection
	GlobalSection(ExtensibilityGlobals) = postSolution
		SolutionGuid = {67662978-EDEE-447B-A94C-8DEBC492AE3E}
	EndGlobalSection
EndGlobal
