
Microsoft Visual Studio Solution File, Format Version 12.00
# Visual Studio 15
VisualStudioVersion = 15.0.28307.438
MinimumVisualStudioVersion = 10.0.40219.1
Project("{FAE04EC0-301F-11D3-BF4B-00C04F79EFBC}") = "Keyboard Row", "Keyboard Row\Keyboard Row.csproj", "{E3BC4FB4-9601-45DE-909E-1A0232066E74}"
EndProject
Global
	GlobalSection(SolutionConfigurationPlatforms) = preSolution
		Debug|Any CPU = Debug|Any CPU
		Release|Any CPU = Release|Any CPU
	EndGlobalSection
	GlobalSection(ProjectConfigurationPlatforms) = postSolution
		{E3BC4FB4-9601-45DE-909E-1A0232066E74}.Debug|Any CPU.ActiveCfg = Debug|Any CPU
		{E3BC4FB4-9601-45DE-909E-1A0232066E74}.Debug|Any CPU.Build.0 = Debug|Any CPU
		{E3BC4FB4-9601-45DE-909E-1A0232066E74}.Release|Any CPU.ActiveCfg = Release|Any CPU
		{E3BC4FB4-9601-45DE-909E-1A0232066E74}.Release|Any CPU.Build.0 = Release|Any CPU
	EndGlobalSection
	GlobalSection(SolutionProperties) = preSolution
		HideSolutionNode = FALSE
	EndGlobalSection
	GlobalSection(ExtensibilityGlobals) = postSolution
		SolutionGuid = {F6151D93-1E46-4007-BFAC-55615D30D167}
	EndGlobalSection
EndGlobal
