
Microsoft Visual Studio Solution File, Format Version 12.00
# Visual Studio 15
VisualStudioVersion = 15.0.28307.438
MinimumVisualStudioVersion = 10.0.40219.1
Project("{FAE04EC0-301F-11D3-BF4B-00C04F79EFBC}") = "To Lower Case", "To Lower Case\To Lower Case.csproj", "{6580EFC2-EAE1-4ED4-A10E-432E9DDF091F}"
EndProject
Global
	GlobalSection(SolutionConfigurationPlatforms) = preSolution
		Debug|Any CPU = Debug|Any CPU
		Release|Any CPU = Release|Any CPU
	EndGlobalSection
	GlobalSection(ProjectConfigurationPlatforms) = postSolution
		{6580EFC2-EAE1-4ED4-A10E-432E9DDF091F}.Debug|Any CPU.ActiveCfg = Debug|Any CPU
		{6580EFC2-EAE1-4ED4-A10E-432E9DDF091F}.Debug|Any CPU.Build.0 = Debug|Any CPU
		{6580EFC2-EAE1-4ED4-A10E-432E9DDF091F}.Release|Any CPU.ActiveCfg = Release|Any CPU
		{6580EFC2-EAE1-4ED4-A10E-432E9DDF091F}.Release|Any CPU.Build.0 = Release|Any CPU
	EndGlobalSection
	GlobalSection(SolutionProperties) = preSolution
		HideSolutionNode = FALSE
	EndGlobalSection
	GlobalSection(ExtensibilityGlobals) = postSolution
		SolutionGuid = {AF9141FC-4C25-4819-9EDD-0CFD2D7E7CFB}
	EndGlobalSection
EndGlobal
