
Microsoft Visual Studio Solution File, Format Version 12.00
# Visual Studio 15
VisualStudioVersion = 15.0.28307.645
MinimumVisualStudioVersion = 10.0.40219.1
Project("{FAE04EC0-301F-11D3-BF4B-00C04F79EFBC}") = "Letter Case Permutation", "Letter Case Permutation\Letter Case Permutation.csproj", "{C3524FA2-9F31-4F51-B82E-F1351B0E1BC4}"
EndProject
Global
	GlobalSection(SolutionConfigurationPlatforms) = preSolution
		Debug|Any CPU = Debug|Any CPU
		Release|Any CPU = Release|Any CPU
	EndGlobalSection
	GlobalSection(ProjectConfigurationPlatforms) = postSolution
		{C3524FA2-9F31-4F51-B82E-F1351B0E1BC4}.Debug|Any CPU.ActiveCfg = Debug|Any CPU
		{C3524FA2-9F31-4F51-B82E-F1351B0E1BC4}.Debug|Any CPU.Build.0 = Debug|Any CPU
		{C3524FA2-9F31-4F51-B82E-F1351B0E1BC4}.Release|Any CPU.ActiveCfg = Release|Any CPU
		{C3524FA2-9F31-4F51-B82E-F1351B0E1BC4}.Release|Any CPU.Build.0 = Release|Any CPU
	EndGlobalSection
	GlobalSection(SolutionProperties) = preSolution
		HideSolutionNode = FALSE
	EndGlobalSection
	GlobalSection(ExtensibilityGlobals) = postSolution
		SolutionGuid = {9C34EE20-16DD-4ED3-8874-0A9A8AC3A613}
	EndGlobalSection
EndGlobal
