
Microsoft Visual Studio Solution File, Format Version 12.00
# Visual Studio 15
VisualStudioVersion = 15.0.28307.645
MinimumVisualStudioVersion = 10.0.40219.1
Project("{FAE04EC0-301F-11D3-BF4B-00C04F79EFBC}") = "Reverse Linked List", "Reverse Linked List\Reverse Linked List.csproj", "{157AE0F2-448D-4F7A-954E-0C096A9CC4FC}"
EndProject
Global
	GlobalSection(SolutionConfigurationPlatforms) = preSolution
		Debug|Any CPU = Debug|Any CPU
		Release|Any CPU = Release|Any CPU
	EndGlobalSection
	GlobalSection(ProjectConfigurationPlatforms) = postSolution
		{157AE0F2-448D-4F7A-954E-0C096A9CC4FC}.Debug|Any CPU.ActiveCfg = Debug|Any CPU
		{157AE0F2-448D-4F7A-954E-0C096A9CC4FC}.Debug|Any CPU.Build.0 = Debug|Any CPU
		{157AE0F2-448D-4F7A-954E-0C096A9CC4FC}.Release|Any CPU.ActiveCfg = Release|Any CPU
		{157AE0F2-448D-4F7A-954E-0C096A9CC4FC}.Release|Any CPU.Build.0 = Release|Any CPU
	EndGlobalSection
	GlobalSection(SolutionProperties) = preSolution
		HideSolutionNode = FALSE
	EndGlobalSection
	GlobalSection(ExtensibilityGlobals) = postSolution
		SolutionGuid = {38BFF5AC-0803-488E-986A-745E2F8915E3}
	EndGlobalSection
EndGlobal
