
Microsoft Visual Studio Solution File, Format Version 12.00
# Visual Studio 15
VisualStudioVersion = 15.0.28307.421
MinimumVisualStudioVersion = 10.0.40219.1
Project("{FAE04EC0-301F-11D3-BF4B-00C04F79EFBC}") = "SelfDividingNumbers", "SelfDividingNumbers\SelfDividingNumbers.csproj", "{4CD7B5B7-735E-4A7B-B54D-6F7721765979}"
EndProject
Global
	GlobalSection(SolutionConfigurationPlatforms) = preSolution
		Debug|Any CPU = Debug|Any CPU
		Release|Any CPU = Release|Any CPU
	EndGlobalSection
	GlobalSection(ProjectConfigurationPlatforms) = postSolution
		{4CD7B5B7-735E-4A7B-B54D-6F7721765979}.Debug|Any CPU.ActiveCfg = Debug|Any CPU
		{4CD7B5B7-735E-4A7B-B54D-6F7721765979}.Debug|Any CPU.Build.0 = Debug|Any CPU
		{4CD7B5B7-735E-4A7B-B54D-6F7721765979}.Release|Any CPU.ActiveCfg = Release|Any CPU
		{4CD7B5B7-735E-4A7B-B54D-6F7721765979}.Release|Any CPU.Build.0 = Release|Any CPU
	EndGlobalSection
	GlobalSection(SolutionProperties) = preSolution
		HideSolutionNode = FALSE
	EndGlobalSection
	GlobalSection(ExtensibilityGlobals) = postSolution
		SolutionGuid = {21355A6F-B0B7-4D6E-A4F5-23659230E62E}
	EndGlobalSection
EndGlobal
