
Microsoft Visual Studio Solution File, Format Version 12.00
# Visual Studio 15
VisualStudioVersion = 15.0.28307.421
MinimumVisualStudioVersion = 10.0.40219.1
Project("{FAE04EC0-301F-11D3-BF4B-00C04F79EFBC}") = "Find Common Characters", "Find Common Characters\Find Common Characters.csproj", "{2C73A497-DACE-49A4-A18D-9F48467E19F4}"
EndProject
Global
	GlobalSection(SolutionConfigurationPlatforms) = preSolution
		Debug|Any CPU = Debug|Any CPU
		Release|Any CPU = Release|Any CPU
	EndGlobalSection
	GlobalSection(ProjectConfigurationPlatforms) = postSolution
		{2C73A497-DACE-49A4-A18D-9F48467E19F4}.Debug|Any CPU.ActiveCfg = Debug|Any CPU
		{2C73A497-DACE-49A4-A18D-9F48467E19F4}.Debug|Any CPU.Build.0 = Debug|Any CPU
		{2C73A497-DACE-49A4-A18D-9F48467E19F4}.Release|Any CPU.ActiveCfg = Release|Any CPU
		{2C73A497-DACE-49A4-A18D-9F48467E19F4}.Release|Any CPU.Build.0 = Release|Any CPU
	EndGlobalSection
	GlobalSection(SolutionProperties) = preSolution
		HideSolutionNode = FALSE
	EndGlobalSection
	GlobalSection(ExtensibilityGlobals) = postSolution
		SolutionGuid = {68C9EF79-0D51-44B5-B43E-0A466D033DD4}
	EndGlobalSection
EndGlobal
