
Microsoft Visual Studio Solution File, Format Version 12.00
# Visual Studio 15
VisualStudioVersion = 15.0.28307.421
MinimumVisualStudioVersion = 10.0.40219.1
Project("{FAE04EC0-301F-11D3-BF4B-00C04F79EFBC}") = "MergeTwoBinaryTrees", "MergeTwoBinaryTrees\MergeTwoBinaryTrees.csproj", "{CE272224-4F07-4B44-A8AA-3EDD185EF09D}"
EndProject
Global
	GlobalSection(SolutionConfigurationPlatforms) = preSolution
		Debug|Any CPU = Debug|Any CPU
		Release|Any CPU = Release|Any CPU
	EndGlobalSection
	GlobalSection(ProjectConfigurationPlatforms) = postSolution
		{CE272224-4F07-4B44-A8AA-3EDD185EF09D}.Debug|Any CPU.ActiveCfg = Debug|Any CPU
		{CE272224-4F07-4B44-A8AA-3EDD185EF09D}.Debug|Any CPU.Build.0 = Debug|Any CPU
		{CE272224-4F07-4B44-A8AA-3EDD185EF09D}.Release|Any CPU.ActiveCfg = Release|Any CPU
		{CE272224-4F07-4B44-A8AA-3EDD185EF09D}.Release|Any CPU.Build.0 = Release|Any CPU
	EndGlobalSection
	GlobalSection(SolutionProperties) = preSolution
		HideSolutionNode = FALSE
	EndGlobalSection
	GlobalSection(ExtensibilityGlobals) = postSolution
		SolutionGuid = {372A1EE4-BF21-4DA3-9740-529CAE4C1F4E}
	EndGlobalSection
EndGlobal
