
Microsoft Visual Studio Solution File, Format Version 12.00
# Visual Studio 15
VisualStudioVersion = 15.0.28307.421
MinimumVisualStudioVersion = 10.0.40219.1
Project("{FAE04EC0-301F-11D3-BF4B-00C04F79EFBC}") = "Maximum Depth of N-ary Tree", "Maximum Depth of N-ary Tree\Maximum Depth of N-ary Tree.csproj", "{3A8BF907-5F6F-4520-AB2A-B358D619408F}"
EndProject
Global
	GlobalSection(SolutionConfigurationPlatforms) = preSolution
		Debug|Any CPU = Debug|Any CPU
		Release|Any CPU = Release|Any CPU
	EndGlobalSection
	GlobalSection(ProjectConfigurationPlatforms) = postSolution
		{3A8BF907-5F6F-4520-AB2A-B358D619408F}.Debug|Any CPU.ActiveCfg = Debug|Any CPU
		{3A8BF907-5F6F-4520-AB2A-B358D619408F}.Debug|Any CPU.Build.0 = Debug|Any CPU
		{3A8BF907-5F6F-4520-AB2A-B358D619408F}.Release|Any CPU.ActiveCfg = Release|Any CPU
		{3A8BF907-5F6F-4520-AB2A-B358D619408F}.Release|Any CPU.Build.0 = Release|Any CPU
	EndGlobalSection
	GlobalSection(SolutionProperties) = preSolution
		HideSolutionNode = FALSE
	EndGlobalSection
	GlobalSection(ExtensibilityGlobals) = postSolution
		SolutionGuid = {0E085BB3-5F3C-43DE-92D0-04EFF60019C7}
	EndGlobalSection
EndGlobal
