
Microsoft Visual Studio Solution File, Format Version 12.00
# Visual Studio 15
VisualStudioVersion = 15.0.28307.645
MinimumVisualStudioVersion = 10.0.40219.1
Project("{FAE04EC0-301F-11D3-BF4B-00C04F79EFBC}") = "Binary Search Tree to Greater Sum Tree", "Binary Search Tree to Greater Sum Tree\Binary Search Tree to Greater Sum Tree.csproj", "{E9F8025A-1D3E-4DBB-A210-971D548DBC38}"
EndProject
Global
	GlobalSection(SolutionConfigurationPlatforms) = preSolution
		Debug|Any CPU = Debug|Any CPU
		Release|Any CPU = Release|Any CPU
	EndGlobalSection
	GlobalSection(ProjectConfigurationPlatforms) = postSolution
		{E9F8025A-1D3E-4DBB-A210-971D548DBC38}.Debug|Any CPU.ActiveCfg = Debug|Any CPU
		{E9F8025A-1D3E-4DBB-A210-971D548DBC38}.Debug|Any CPU.Build.0 = Debug|Any CPU
		{E9F8025A-1D3E-4DBB-A210-971D548DBC38}.Release|Any CPU.ActiveCfg = Release|Any CPU
		{E9F8025A-1D3E-4DBB-A210-971D548DBC38}.Release|Any CPU.Build.0 = Release|Any CPU
	EndGlobalSection
	GlobalSection(SolutionProperties) = preSolution
		HideSolutionNode = FALSE
	EndGlobalSection
	GlobalSection(ExtensibilityGlobals) = postSolution
		SolutionGuid = {089394CB-7D3A-47C8-9D28-E0ADC92B5513}
	EndGlobalSection
EndGlobal
