
Microsoft Visual Studio Solution File, Format Version 12.00
# Visual Studio 15
VisualStudioVersion = 15.0.28307.438
MinimumVisualStudioVersion = 10.0.40219.1
Project("{FAE04EC0-301F-11D3-BF4B-00C04F79EFBC}") = "Univalued Binary Tree", "Univalued Binary Tree\Univalued Binary Tree.csproj", "{F93905A2-861A-4EA4-A476-46422C0EB2DF}"
EndProject
Global
	GlobalSection(SolutionConfigurationPlatforms) = preSolution
		Debug|Any CPU = Debug|Any CPU
		Release|Any CPU = Release|Any CPU
	EndGlobalSection
	GlobalSection(ProjectConfigurationPlatforms) = postSolution
		{F93905A2-861A-4EA4-A476-46422C0EB2DF}.Debug|Any CPU.ActiveCfg = Debug|Any CPU
		{F93905A2-861A-4EA4-A476-46422C0EB2DF}.Debug|Any CPU.Build.0 = Debug|Any CPU
		{F93905A2-861A-4EA4-A476-46422C0EB2DF}.Release|Any CPU.ActiveCfg = Release|Any CPU
		{F93905A2-861A-4EA4-A476-46422C0EB2DF}.Release|Any CPU.Build.0 = Release|Any CPU
	EndGlobalSection
	GlobalSection(SolutionProperties) = preSolution
		HideSolutionNode = FALSE
	EndGlobalSection
	GlobalSection(ExtensibilityGlobals) = postSolution
		SolutionGuid = {8F3B9B44-737F-4F33-84E1-3A53B54C4AF6}
	EndGlobalSection
EndGlobal
